
Microsoft Visual Studio Solution File, Format Version 12.00
# Visual Studio for Mac
Project("{FAE04EC0-301F-11D3-BF4B-00C04F79EFBC}") = "Assembly-CSharp-firstpass", "Assembly-CSharp-firstpass.csproj", "{F2D059C9-0DB2-FDA4-22D3-859507101183}"
EndProject
Project("{FAE04EC0-301F-11D3-BF4B-00C04F79EFBC}") = "Assembly-CSharp", "Assembly-CSharp.csproj", "{75429E51-D364-B0B9-0AE1-94A2F78A0B21}"
EndProject
Project("{FAE04EC0-301F-11D3-BF4B-00C04F79EFBC}") = "Assembly-CSharp-Editor-firstpass", "Assembly-CSharp-Editor-firstpass.csproj", "{46E50C34-FF58-42CD-8423-BD23CAD1392C}"
EndProject
Global
	GlobalSection(SolutionConfigurationPlatforms) = preSolution
		Debug|Any CPU = Debug|Any CPU
		Release|Any CPU = Release|Any CPU
	EndGlobalSection
	GlobalSection(ProjectConfigurationPlatforms) = postSolution
		{F2D059C9-0DB2-FDA4-22D3-859507101183}.Debug|Any CPU.ActiveCfg = Debug|Any CPU
		{F2D059C9-0DB2-FDA4-22D3-859507101183}.Debug|Any CPU.Build.0 = Debug|Any CPU
		{F2D059C9-0DB2-FDA4-22D3-859507101183}.Release|Any CPU.ActiveCfg = Release|Any CPU
		{F2D059C9-0DB2-FDA4-22D3-859507101183}.Release|Any CPU.Build.0 = Release|Any CPU
		{75429E51-D364-B0B9-0AE1-94A2F78A0B21}.Debug|Any CPU.ActiveCfg = Debug|Any CPU
		{75429E51-D364-B0B9-0AE1-94A2F78A0B21}.Debug|Any CPU.Build.0 = Debug|Any CPU
		{75429E51-D364-B0B9-0AE1-94A2F78A0B21}.Release|Any CPU.ActiveCfg = Release|Any CPU
		{75429E51-D364-B0B9-0AE1-94A2F78A0B21}.Release|Any CPU.Build.0 = Release|Any CPU
		{46E50C34-FF58-42CD-8423-BD23CAD1392C}.Debug|Any CPU.ActiveCfg = Debug|Any CPU
		{46E50C34-FF58-42CD-8423-BD23CAD1392C}.Debug|Any CPU.Build.0 = Debug|Any CPU
		{46E50C34-FF58-42CD-8423-BD23CAD1392C}.Release|Any CPU.ActiveCfg = Release|Any CPU
		{46E50C34-FF58-42CD-8423-BD23CAD1392C}.Release|Any CPU.Build.0 = Release|Any CPU
	EndGlobalSection
	GlobalSection(SolutionProperties) = preSolution
		HideSolutionNode = FALSE
	EndGlobalSection
EndGlobal
